
Microsoft Visual Studio Solution File, Format Version 12.00
# Visual Studio Version 17
VisualStudioVersion = 17.6.33815.320
MinimumVisualStudioVersion = 10.0.40219.1
Project("{8BC9CEB8-8B4A-11D0-8D11-00A0C91BC942}") = "CPP OOP 01. Introduction", "CPP OOP 01. Introduction\CPP OOP 01. Introduction.vcxproj", "{5FB080C2-FFF0-4C28-92D9-F6C7D4725B56}"
EndProject
Project("{2150E333-8FDC-42A3-9474-1A3956D46DE8}") = "CPP OOP 01", "CPP OOP 01", "{8006B15D-C763-4614-9D31-05CDA286024C}"
EndProject
Project("{2150E333-8FDC-42A3-9474-1A3956D46DE8}") = "CPP OOP 02", "CPP OOP 02", "{0DCDD65A-EA46-4C6F-9EF5-F3FF08B277D7}"
EndProject
Project("{8BC9CEB8-8B4A-11D0-8D11-00A0C91BC942}") = "CPP OOP 02. Constructors, Destructor, this", "CPP OOP 02. Constructors, Destructor, this\CPP OOP 02. Constructors, Destructor, this.vcxproj", "{24C06F79-5B64-4A2D-9E11-90CE702A9AD9}"
EndProject
Project("{2150E333-8FDC-42A3-9474-1A3956D46DE8}") = "CPP OOP 03", "CPP OOP 03", "{46924396-97B4-4387-AAE0-260BCC2FADC5}"
EndProject
Project("{8BC9CEB8-8B4A-11D0-8D11-00A0C91BC942}") = "CPP OOP 03. Initialize list", "CPP 03. Initialize list\CPP 03. Initialize list.vcxproj", "{7D6AF894-2FA1-40E3-A65C-97C38E155F50}"
EndProject
Project("{8BC9CEB8-8B4A-11D0-8D11-00A0C91BC942}") = "CPP OOP 03. Constructor delegation", "CPP OOP 03. Constructor delegation\CPP OOP 03. Constructor delegation.vcxproj", "{F7B1CB7D-8AB9-4353-850F-113B1C1670A2}"
EndProject
Project("{8BC9CEB8-8B4A-11D0-8D11-00A0C91BC942}") = "CPP OOP 03. Static fields, static methods", "CPP OOP 03. Static fields, static methods\CPP OOP 03. Static fields, static methods.vcxproj", "{357D4835-4BF5-409E-A2D0-30FE713F235E}"
EndProject
Project("{2150E333-8FDC-42A3-9474-1A3956D46DE8}") = "CPP OOP 04", "CPP OOP 04", "{9AE6D391-2CCD-4DAE-A605-C9212F6D9F83}"
EndProject
Project("{8BC9CEB8-8B4A-11D0-8D11-00A0C91BC942}") = "CPP OOP 04. DynamicArray Without copy constructor", "CPP OOP 04. DynamicArray Without copy constructor\CPP OOP 04. DynamicArray Without copy constructor.vcxproj", "{C26CF677-D096-4204-9755-D85D414E842A}"
EndProject
Project("{8BC9CEB8-8B4A-11D0-8D11-00A0C91BC942}") = "CPP OOP 04. DynamicArray With copy constructor", "CPP OOP 04. DynamicArray With copy constructor\CPP OOP 04. DynamicArray With copy constructor.vcxproj", "{60B75B78-12F6-4F01-B6E7-DA00BE6C78DB}"
EndProject
Project("{2150E333-8FDC-42A3-9474-1A3956D46DE8}") = "CPP OOP 05", "CPP OOP 05", "{0BD1D426-9D07-4040-A59B-FBE35AE2266B}"
EndProject
Project("{8BC9CEB8-8B4A-11D0-8D11-00A0C91BC942}") = "CPP OOP 05. const methods", "CPP OOP 05. const methods\CPP OOP 05. const methods.vcxproj", "{4CDBF340-5593-48E5-AE6F-70BB525DB78F}"
EndProject
Project("{8BC9CEB8-8B4A-11D0-8D11-00A0C91BC942}") = "CPP OOP 05. Explicit constructor", "CPP OOP 05. Explicit constructor\CPP OOP 05. Explicit constructor.vcxproj", "{60568A4E-C27D-469C-819B-86A77BED96F7}"
EndProject
Project("{8BC9CEB8-8B4A-11D0-8D11-00A0C91BC942}") = "CPP OOP 05. Without operator overloading", "CPP OOP 05. Without operator overloading\CPP OOP 05. Without operator overloading.vcxproj", "{9D5625FB-5A07-4D72-B9B3-1C253EF81072}"
EndProject
Project("{8BC9CEB8-8B4A-11D0-8D11-00A0C91BC942}") = "CPP OOP 05. Operator overloading", "CPP OOP 05. Operator overloading\CPP OOP 05. Operator overloading.vcxproj", "{37AE181C-031E-41DE-B2B8-6529851AEED3}"
EndProject
Project("{2150E333-8FDC-42A3-9474-1A3956D46DE8}") = "CPP OOP 06", "CPP OOP 06", "{0C425A49-3998-488B-8F16-A6A0AFF25F07}"
EndProject
Project("{2150E333-8FDC-42A3-9474-1A3956D46DE8}") = "CPP OOP 07", "CPP OOP 07", "{26137E64-165F-42E9-B26D-1A33AE7B0609}"
EndProject
Project("{2150E333-8FDC-42A3-9474-1A3956D46DE8}") = "CPP OOP 08", "CPP OOP 08", "{12952628-5A02-4FDD-94C9-D47F66F78396}"
EndProject
Project("{8BC9CEB8-8B4A-11D0-8D11-00A0C91BC942}") = "CPP OOP 08. Class template", "CPP OOP 08. Class template\CPP OOP 08. Class template.vcxproj", "{35FE6D75-461C-4141-875F-B52C40EB057C}"
EndProject
Project("{8BC9CEB8-8B4A-11D0-8D11-00A0C91BC942}") = "CPP OOP 08. DynamicArray template", "CPP OOP 08. DynamicArray template\CPP OOP 08. DynamicArray template.vcxproj", "{539ECFCE-A1C3-466A-95B6-194AC8A41E53}"
EndProject
Project("{8BC9CEB8-8B4A-11D0-8D11-00A0C91BC942}") = "CPP OOP 07. Move Constructor", "CPP OOP 07. Move Constructor\CPP OOP 07. Move Constructor.vcxproj", "{F0A6E61D-277C-485B-A67B-65E1F029C451}"
EndProject
Project("{8BC9CEB8-8B4A-11D0-8D11-00A0C91BC942}") = "CPP OOP 07. r-value", "CPP OOP 07. r-value\CPP OOP 07. r-value.vcxproj", "{91D529DB-570B-4DC8-84B7-24633CAAAED5}"
EndProject
Project("{8BC9CEB8-8B4A-11D0-8D11-00A0C91BC942}") = "CPP OOP 06. Dynamic Array with operator overloading", "CPP OOP 06. Dynamic Array with operator overloading\CPP OOP 06. Dynamic Array with operator overloading.vcxproj", "{8465851E-4402-4E18-8801-8194092E1411}"
EndProject
Project("{2150E333-8FDC-42A3-9474-1A3956D46DE8}") = "CPP OOP 09", "CPP OOP 09", "{FED4A3A4-079A-4FD6-9693-844077D61735}"
EndProject
Project("{8BC9CEB8-8B4A-11D0-8D11-00A0C91BC942}") = "CPP OOP 09. Friend class", "CPP OOP 09. Friend class\CPP OOP 09. Friend class.vcxproj", "{18D644DA-5977-4EF1-B27D-6BCDC0EEE710}"
EndProject
Project("{8BC9CEB8-8B4A-11D0-8D11-00A0C91BC942}") = "CPP OOP 09. String class", "CPP OOP 09. String class\CPP OOP 09. String class.vcxproj", "{11A7C1DD-E2C9-4D3D-904C-F2DD9ABE4EAF}"
EndProject
Project("{8BC9CEB8-8B4A-11D0-8D11-00A0C91BC942}") = "CPP OOP 09. Linked_list", "CPP OOP 09. Linked_list\CPP OOP 09. Linked_list.vcxproj", "{58AF2148-622F-4599-8538-5A94DE68648B}"
EndProject
Project("{2150E333-8FDC-42A3-9474-1A3956D46DE8}") = "CPP OOP 10", "CPP OOP 10", "{016F1CC3-B427-4CA9-96BF-9FA619F1CC8B}"
EndProject
Project("{8BC9CEB8-8B4A-11D0-8D11-00A0C91BC942}") = "CPP OOP 10. Stack", "CPP OOP 10. Stack\CPP OOP 10. Stack.vcxproj", "{FFD8AC45-508B-40E9-A66C-50316F129D26}"
EndProject
Project("{8BC9CEB8-8B4A-11D0-8D11-00A0C91BC942}") = "CPP OOP 10. Queue", "CPP OOP 10. Queue\CPP OOP 10. Queue.vcxproj", "{8925CD11-B8BD-4D25-8DA9-657BFCC054C8}"
EndProject
Project("{2150E333-8FDC-42A3-9474-1A3956D46DE8}") = "CPP OOP 11", "CPP OOP 11", "{2B6BB526-B014-4FC2-B6ED-2F0671119849}"
EndProject
Project("{8BC9CEB8-8B4A-11D0-8D11-00A0C91BC942}") = "CPP OOP 11. Relations, Aggregation", "CPP OOP 11. Relations, Aggregation\CPP OOP 11. Relations, Aggregation.vcxproj", "{37F996DC-6607-422D-885E-565FADE7F732}"
EndProject
Project("{8BC9CEB8-8B4A-11D0-8D11-00A0C91BC942}") = "CPP OOP 11. Relations, Composition", "CPP OOP 11. Relations, Composition\CPP OOP 11. Relations, Composition.vcxproj", "{72DC524B-527A-45DB-AD5B-BC1A93062FD8}"
EndProject
Project("{8BC9CEB8-8B4A-11D0-8D11-00A0C91BC942}") = "CPP OOP 11. Nested classes", "CPP OOP 11. Nested classes\CPP OOP 11. Nested classes.vcxproj", "{B86ED75E-C8EC-45B8-8A37-F4EBC6A5DC9E}"
EndProject
Project("{8BC9CEB8-8B4A-11D0-8D11-00A0C91BC942}") = "CPP OOP 11. Nested Car example", "CPP OOP 11. Nested Car example\CPP OOP 11. Nested Car example.vcxproj", "{C0A41E21-9B95-40B1-9154-2EAE66E5A989}"
EndProject
Global
	GlobalSection(SolutionConfigurationPlatforms) = preSolution
		Debug|x64 = Debug|x64
		Debug|x86 = Debug|x86
		Release|x64 = Release|x64
		Release|x86 = Release|x86
	EndGlobalSection
	GlobalSection(ProjectConfigurationPlatforms) = postSolution
		{5FB080C2-FFF0-4C28-92D9-F6C7D4725B56}.Debug|x64.ActiveCfg = Debug|x64
		{5FB080C2-FFF0-4C28-92D9-F6C7D4725B56}.Debug|x64.Build.0 = Debug|x64
		{5FB080C2-FFF0-4C28-92D9-F6C7D4725B56}.Debug|x86.ActiveCfg = Debug|Win32
		{5FB080C2-FFF0-4C28-92D9-F6C7D4725B56}.Debug|x86.Build.0 = Debug|Win32
		{5FB080C2-FFF0-4C28-92D9-F6C7D4725B56}.Release|x64.ActiveCfg = Release|x64
		{5FB080C2-FFF0-4C28-92D9-F6C7D4725B56}.Release|x64.Build.0 = Release|x64
		{5FB080C2-FFF0-4C28-92D9-F6C7D4725B56}.Release|x86.ActiveCfg = Release|Win32
		{5FB080C2-FFF0-4C28-92D9-F6C7D4725B56}.Release|x86.Build.0 = Release|Win32
		{24C06F79-5B64-4A2D-9E11-90CE702A9AD9}.Debug|x64.ActiveCfg = Debug|x64
		{24C06F79-5B64-4A2D-9E11-90CE702A9AD9}.Debug|x64.Build.0 = Debug|x64
		{24C06F79-5B64-4A2D-9E11-90CE702A9AD9}.Debug|x86.ActiveCfg = Debug|Win32
		{24C06F79-5B64-4A2D-9E11-90CE702A9AD9}.Debug|x86.Build.0 = Debug|Win32
		{24C06F79-5B64-4A2D-9E11-90CE702A9AD9}.Release|x64.ActiveCfg = Release|x64
		{24C06F79-5B64-4A2D-9E11-90CE702A9AD9}.Release|x64.Build.0 = Release|x64
		{24C06F79-5B64-4A2D-9E11-90CE702A9AD9}.Release|x86.ActiveCfg = Release|Win32
		{24C06F79-5B64-4A2D-9E11-90CE702A9AD9}.Release|x86.Build.0 = Release|Win32
		{7D6AF894-2FA1-40E3-A65C-97C38E155F50}.Debug|x64.ActiveCfg = Debug|x64
		{7D6AF894-2FA1-40E3-A65C-97C38E155F50}.Debug|x64.Build.0 = Debug|x64
		{7D6AF894-2FA1-40E3-A65C-97C38E155F50}.Debug|x86.ActiveCfg = Debug|Win32
		{7D6AF894-2FA1-40E3-A65C-97C38E155F50}.Debug|x86.Build.0 = Debug|Win32
		{7D6AF894-2FA1-40E3-A65C-97C38E155F50}.Release|x64.ActiveCfg = Release|x64
		{7D6AF894-2FA1-40E3-A65C-97C38E155F50}.Release|x64.Build.0 = Release|x64
		{7D6AF894-2FA1-40E3-A65C-97C38E155F50}.Release|x86.ActiveCfg = Release|Win32
		{7D6AF894-2FA1-40E3-A65C-97C38E155F50}.Release|x86.Build.0 = Release|Win32
		{F7B1CB7D-8AB9-4353-850F-113B1C1670A2}.Debug|x64.ActiveCfg = Debug|x64
		{F7B1CB7D-8AB9-4353-850F-113B1C1670A2}.Debug|x64.Build.0 = Debug|x64
		{F7B1CB7D-8AB9-4353-850F-113B1C1670A2}.Debug|x86.ActiveCfg = Debug|Win32
		{F7B1CB7D-8AB9-4353-850F-113B1C1670A2}.Debug|x86.Build.0 = Debug|Win32
		{F7B1CB7D-8AB9-4353-850F-113B1C1670A2}.Release|x64.ActiveCfg = Release|x64
		{F7B1CB7D-8AB9-4353-850F-113B1C1670A2}.Release|x64.Build.0 = Release|x64
		{F7B1CB7D-8AB9-4353-850F-113B1C1670A2}.Release|x86.ActiveCfg = Release|Win32
		{F7B1CB7D-8AB9-4353-850F-113B1C1670A2}.Release|x86.Build.0 = Release|Win32
		{357D4835-4BF5-409E-A2D0-30FE713F235E}.Debug|x64.ActiveCfg = Debug|x64
		{357D4835-4BF5-409E-A2D0-30FE713F235E}.Debug|x64.Build.0 = Debug|x64
		{357D4835-4BF5-409E-A2D0-30FE713F235E}.Debug|x86.ActiveCfg = Debug|Win32
		{357D4835-4BF5-409E-A2D0-30FE713F235E}.Debug|x86.Build.0 = Debug|Win32
		{357D4835-4BF5-409E-A2D0-30FE713F235E}.Release|x64.ActiveCfg = Release|x64
		{357D4835-4BF5-409E-A2D0-30FE713F235E}.Release|x64.Build.0 = Release|x64
		{357D4835-4BF5-409E-A2D0-30FE713F235E}.Release|x86.ActiveCfg = Release|Win32
		{357D4835-4BF5-409E-A2D0-30FE713F235E}.Release|x86.Build.0 = Release|Win32
		{C26CF677-D096-4204-9755-D85D414E842A}.Debug|x64.ActiveCfg = Debug|x64
		{C26CF677-D096-4204-9755-D85D414E842A}.Debug|x64.Build.0 = Debug|x64
		{C26CF677-D096-4204-9755-D85D414E842A}.Debug|x86.ActiveCfg = Debug|Win32
		{C26CF677-D096-4204-9755-D85D414E842A}.Debug|x86.Build.0 = Debug|Win32
		{C26CF677-D096-4204-9755-D85D414E842A}.Release|x64.ActiveCfg = Release|x64
		{C26CF677-D096-4204-9755-D85D414E842A}.Release|x64.Build.0 = Release|x64
		{C26CF677-D096-4204-9755-D85D414E842A}.Release|x86.ActiveCfg = Release|Win32
		{C26CF677-D096-4204-9755-D85D414E842A}.Release|x86.Build.0 = Release|Win32
		{60B75B78-12F6-4F01-B6E7-DA00BE6C78DB}.Debug|x64.ActiveCfg = Debug|x64
		{60B75B78-12F6-4F01-B6E7-DA00BE6C78DB}.Debug|x64.Build.0 = Debug|x64
		{60B75B78-12F6-4F01-B6E7-DA00BE6C78DB}.Debug|x86.ActiveCfg = Debug|Win32
		{60B75B78-12F6-4F01-B6E7-DA00BE6C78DB}.Debug|x86.Build.0 = Debug|Win32
		{60B75B78-12F6-4F01-B6E7-DA00BE6C78DB}.Release|x64.ActiveCfg = Release|x64
		{60B75B78-12F6-4F01-B6E7-DA00BE6C78DB}.Release|x64.Build.0 = Release|x64
		{60B75B78-12F6-4F01-B6E7-DA00BE6C78DB}.Release|x86.ActiveCfg = Release|Win32
		{60B75B78-12F6-4F01-B6E7-DA00BE6C78DB}.Release|x86.Build.0 = Release|Win32
		{4CDBF340-5593-48E5-AE6F-70BB525DB78F}.Debug|x64.ActiveCfg = Debug|x64
		{4CDBF340-5593-48E5-AE6F-70BB525DB78F}.Debug|x64.Build.0 = Debug|x64
		{4CDBF340-5593-48E5-AE6F-70BB525DB78F}.Debug|x86.ActiveCfg = Debug|Win32
		{4CDBF340-5593-48E5-AE6F-70BB525DB78F}.Debug|x86.Build.0 = Debug|Win32
		{4CDBF340-5593-48E5-AE6F-70BB525DB78F}.Release|x64.ActiveCfg = Release|x64
		{4CDBF340-5593-48E5-AE6F-70BB525DB78F}.Release|x64.Build.0 = Release|x64
		{4CDBF340-5593-48E5-AE6F-70BB525DB78F}.Release|x86.ActiveCfg = Release|Win32
		{4CDBF340-5593-48E5-AE6F-70BB525DB78F}.Release|x86.Build.0 = Release|Win32
		{60568A4E-C27D-469C-819B-86A77BED96F7}.Debug|x64.ActiveCfg = Debug|x64
		{60568A4E-C27D-469C-819B-86A77BED96F7}.Debug|x64.Build.0 = Debug|x64
		{60568A4E-C27D-469C-819B-86A77BED96F7}.Debug|x86.ActiveCfg = Debug|Win32
		{60568A4E-C27D-469C-819B-86A77BED96F7}.Debug|x86.Build.0 = Debug|Win32
		{60568A4E-C27D-469C-819B-86A77BED96F7}.Release|x64.ActiveCfg = Release|x64
		{60568A4E-C27D-469C-819B-86A77BED96F7}.Release|x64.Build.0 = Release|x64
		{60568A4E-C27D-469C-819B-86A77BED96F7}.Release|x86.ActiveCfg = Release|Win32
		{60568A4E-C27D-469C-819B-86A77BED96F7}.Release|x86.Build.0 = Release|Win32
		{9D5625FB-5A07-4D72-B9B3-1C253EF81072}.Debug|x64.ActiveCfg = Debug|x64
		{9D5625FB-5A07-4D72-B9B3-1C253EF81072}.Debug|x64.Build.0 = Debug|x64
		{9D5625FB-5A07-4D72-B9B3-1C253EF81072}.Debug|x86.ActiveCfg = Debug|Win32
		{9D5625FB-5A07-4D72-B9B3-1C253EF81072}.Debug|x86.Build.0 = Debug|Win32
		{9D5625FB-5A07-4D72-B9B3-1C253EF81072}.Release|x64.ActiveCfg = Release|x64
		{9D5625FB-5A07-4D72-B9B3-1C253EF81072}.Release|x64.Build.0 = Release|x64
		{9D5625FB-5A07-4D72-B9B3-1C253EF81072}.Release|x86.ActiveCfg = Release|Win32
		{9D5625FB-5A07-4D72-B9B3-1C253EF81072}.Release|x86.Build.0 = Release|Win32
		{37AE181C-031E-41DE-B2B8-6529851AEED3}.Debug|x64.ActiveCfg = Debug|x64
		{37AE181C-031E-41DE-B2B8-6529851AEED3}.Debug|x64.Build.0 = Debug|x64
		{37AE181C-031E-41DE-B2B8-6529851AEED3}.Debug|x86.ActiveCfg = Debug|Win32
		{37AE181C-031E-41DE-B2B8-6529851AEED3}.Debug|x86.Build.0 = Debug|Win32
		{37AE181C-031E-41DE-B2B8-6529851AEED3}.Release|x64.ActiveCfg = Release|x64
		{37AE181C-031E-41DE-B2B8-6529851AEED3}.Release|x64.Build.0 = Release|x64
		{37AE181C-031E-41DE-B2B8-6529851AEED3}.Release|x86.ActiveCfg = Release|Win32
		{37AE181C-031E-41DE-B2B8-6529851AEED3}.Release|x86.Build.0 = Release|Win32
		{35FE6D75-461C-4141-875F-B52C40EB057C}.Debug|x64.ActiveCfg = Debug|x64
		{35FE6D75-461C-4141-875F-B52C40EB057C}.Debug|x64.Build.0 = Debug|x64
		{35FE6D75-461C-4141-875F-B52C40EB057C}.Debug|x86.ActiveCfg = Debug|Win32
		{35FE6D75-461C-4141-875F-B52C40EB057C}.Debug|x86.Build.0 = Debug|Win32
		{35FE6D75-461C-4141-875F-B52C40EB057C}.Release|x64.ActiveCfg = Release|x64
		{35FE6D75-461C-4141-875F-B52C40EB057C}.Release|x64.Build.0 = Release|x64
		{35FE6D75-461C-4141-875F-B52C40EB057C}.Release|x86.ActiveCfg = Release|Win32
		{35FE6D75-461C-4141-875F-B52C40EB057C}.Release|x86.Build.0 = Release|Win32
		{539ECFCE-A1C3-466A-95B6-194AC8A41E53}.Debug|x64.ActiveCfg = Debug|x64
		{539ECFCE-A1C3-466A-95B6-194AC8A41E53}.Debug|x64.Build.0 = Debug|x64
		{539ECFCE-A1C3-466A-95B6-194AC8A41E53}.Debug|x86.ActiveCfg = Debug|Win32
		{539ECFCE-A1C3-466A-95B6-194AC8A41E53}.Debug|x86.Build.0 = Debug|Win32
		{539ECFCE-A1C3-466A-95B6-194AC8A41E53}.Release|x64.ActiveCfg = Release|x64
		{539ECFCE-A1C3-466A-95B6-194AC8A41E53}.Release|x64.Build.0 = Release|x64
		{539ECFCE-A1C3-466A-95B6-194AC8A41E53}.Release|x86.ActiveCfg = Release|Win32
		{539ECFCE-A1C3-466A-95B6-194AC8A41E53}.Release|x86.Build.0 = Release|Win32
		{F0A6E61D-277C-485B-A67B-65E1F029C451}.Debug|x64.ActiveCfg = Debug|x64
		{F0A6E61D-277C-485B-A67B-65E1F029C451}.Debug|x64.Build.0 = Debug|x64
		{F0A6E61D-277C-485B-A67B-65E1F029C451}.Debug|x86.ActiveCfg = Debug|Win32
		{F0A6E61D-277C-485B-A67B-65E1F029C451}.Debug|x86.Build.0 = Debug|Win32
		{F0A6E61D-277C-485B-A67B-65E1F029C451}.Release|x64.ActiveCfg = Release|x64
		{F0A6E61D-277C-485B-A67B-65E1F029C451}.Release|x64.Build.0 = Release|x64
		{F0A6E61D-277C-485B-A67B-65E1F029C451}.Release|x86.ActiveCfg = Release|Win32
		{F0A6E61D-277C-485B-A67B-65E1F029C451}.Release|x86.Build.0 = Release|Win32
		{91D529DB-570B-4DC8-84B7-24633CAAAED5}.Debug|x64.ActiveCfg = Debug|x64
		{91D529DB-570B-4DC8-84B7-24633CAAAED5}.Debug|x64.Build.0 = Debug|x64
		{91D529DB-570B-4DC8-84B7-24633CAAAED5}.Debug|x86.ActiveCfg = Debug|Win32
		{91D529DB-570B-4DC8-84B7-24633CAAAED5}.Debug|x86.Build.0 = Debug|Win32
		{91D529DB-570B-4DC8-84B7-24633CAAAED5}.Release|x64.ActiveCfg = Release|x64
		{91D529DB-570B-4DC8-84B7-24633CAAAED5}.Release|x64.Build.0 = Release|x64
		{91D529DB-570B-4DC8-84B7-24633CAAAED5}.Release|x86.ActiveCfg = Release|Win32
		{91D529DB-570B-4DC8-84B7-24633CAAAED5}.Release|x86.Build.0 = Release|Win32
		{8465851E-4402-4E18-8801-8194092E1411}.Debug|x64.ActiveCfg = Debug|x64
		{8465851E-4402-4E18-8801-8194092E1411}.Debug|x64.Build.0 = Debug|x64
		{8465851E-4402-4E18-8801-8194092E1411}.Debug|x86.ActiveCfg = Debug|Win32
		{8465851E-4402-4E18-8801-8194092E1411}.Debug|x86.Build.0 = Debug|Win32
		{8465851E-4402-4E18-8801-8194092E1411}.Release|x64.ActiveCfg = Release|x64
		{8465851E-4402-4E18-8801-8194092E1411}.Release|x64.Build.0 = Release|x64
		{8465851E-4402-4E18-8801-8194092E1411}.Release|x86.ActiveCfg = Release|Win32
		{8465851E-4402-4E18-8801-8194092E1411}.Release|x86.Build.0 = Release|Win32
		{18D644DA-5977-4EF1-B27D-6BCDC0EEE710}.Debug|x64.ActiveCfg = Debug|x64
		{18D644DA-5977-4EF1-B27D-6BCDC0EEE710}.Debug|x64.Build.0 = Debug|x64
		{18D644DA-5977-4EF1-B27D-6BCDC0EEE710}.Debug|x86.ActiveCfg = Debug|Win32
		{18D644DA-5977-4EF1-B27D-6BCDC0EEE710}.Debug|x86.Build.0 = Debug|Win32
		{18D644DA-5977-4EF1-B27D-6BCDC0EEE710}.Release|x64.ActiveCfg = Release|x64
		{18D644DA-5977-4EF1-B27D-6BCDC0EEE710}.Release|x64.Build.0 = Release|x64
		{18D644DA-5977-4EF1-B27D-6BCDC0EEE710}.Release|x86.ActiveCfg = Release|Win32
		{18D644DA-5977-4EF1-B27D-6BCDC0EEE710}.Release|x86.Build.0 = Release|Win32
		{11A7C1DD-E2C9-4D3D-904C-F2DD9ABE4EAF}.Debug|x64.ActiveCfg = Debug|x64
		{11A7C1DD-E2C9-4D3D-904C-F2DD9ABE4EAF}.Debug|x64.Build.0 = Debug|x64
		{11A7C1DD-E2C9-4D3D-904C-F2DD9ABE4EAF}.Debug|x86.ActiveCfg = Debug|Win32
		{11A7C1DD-E2C9-4D3D-904C-F2DD9ABE4EAF}.Debug|x86.Build.0 = Debug|Win32
		{11A7C1DD-E2C9-4D3D-904C-F2DD9ABE4EAF}.Release|x64.ActiveCfg = Release|x64
		{11A7C1DD-E2C9-4D3D-904C-F2DD9ABE4EAF}.Release|x64.Build.0 = Release|x64
		{11A7C1DD-E2C9-4D3D-904C-F2DD9ABE4EAF}.Release|x86.ActiveCfg = Release|Win32
		{11A7C1DD-E2C9-4D3D-904C-F2DD9ABE4EAF}.Release|x86.Build.0 = Release|Win32
		{58AF2148-622F-4599-8538-5A94DE68648B}.Debug|x64.ActiveCfg = Debug|x64
		{58AF2148-622F-4599-8538-5A94DE68648B}.Debug|x64.Build.0 = Debug|x64
		{58AF2148-622F-4599-8538-5A94DE68648B}.Debug|x86.ActiveCfg = Debug|Win32
		{58AF2148-622F-4599-8538-5A94DE68648B}.Debug|x86.Build.0 = Debug|Win32
		{58AF2148-622F-4599-8538-5A94DE68648B}.Release|x64.ActiveCfg = Release|x64
		{58AF2148-622F-4599-8538-5A94DE68648B}.Release|x64.Build.0 = Release|x64
		{58AF2148-622F-4599-8538-5A94DE68648B}.Release|x86.ActiveCfg = Release|Win32
		{58AF2148-622F-4599-8538-5A94DE68648B}.Release|x86.Build.0 = Release|Win32
		{FFD8AC45-508B-40E9-A66C-50316F129D26}.Debug|x64.ActiveCfg = Debug|x64
		{FFD8AC45-508B-40E9-A66C-50316F129D26}.Debug|x64.Build.0 = Debug|x64
		{FFD8AC45-508B-40E9-A66C-50316F129D26}.Debug|x86.ActiveCfg = Debug|Win32
		{FFD8AC45-508B-40E9-A66C-50316F129D26}.Debug|x86.Build.0 = Debug|Win32
		{FFD8AC45-508B-40E9-A66C-50316F129D26}.Release|x64.ActiveCfg = Release|x64
		{FFD8AC45-508B-40E9-A66C-50316F129D26}.Release|x64.Build.0 = Release|x64
		{FFD8AC45-508B-40E9-A66C-50316F129D26}.Release|x86.ActiveCfg = Release|Win32
		{FFD8AC45-508B-40E9-A66C-50316F129D26}.Release|x86.Build.0 = Release|Win32
		{8925CD11-B8BD-4D25-8DA9-657BFCC054C8}.Debug|x64.ActiveCfg = Debug|x64
		{8925CD11-B8BD-4D25-8DA9-657BFCC054C8}.Debug|x64.Build.0 = Debug|x64
		{8925CD11-B8BD-4D25-8DA9-657BFCC054C8}.Debug|x86.ActiveCfg = Debug|Win32
		{8925CD11-B8BD-4D25-8DA9-657BFCC054C8}.Debug|x86.Build.0 = Debug|Win32
		{8925CD11-B8BD-4D25-8DA9-657BFCC054C8}.Release|x64.ActiveCfg = Release|x64
		{8925CD11-B8BD-4D25-8DA9-657BFCC054C8}.Release|x64.Build.0 = Release|x64
		{8925CD11-B8BD-4D25-8DA9-657BFCC054C8}.Release|x86.ActiveCfg = Release|Win32
		{8925CD11-B8BD-4D25-8DA9-657BFCC054C8}.Release|x86.Build.0 = Release|Win32
		{37F996DC-6607-422D-885E-565FADE7F732}.Debug|x64.ActiveCfg = Debug|x64
		{37F996DC-6607-422D-885E-565FADE7F732}.Debug|x64.Build.0 = Debug|x64
		{37F996DC-6607-422D-885E-565FADE7F732}.Debug|x86.ActiveCfg = Debug|Win32
		{37F996DC-6607-422D-885E-565FADE7F732}.Debug|x86.Build.0 = Debug|Win32
		{37F996DC-6607-422D-885E-565FADE7F732}.Release|x64.ActiveCfg = Release|x64
		{37F996DC-6607-422D-885E-565FADE7F732}.Release|x64.Build.0 = Release|x64
		{37F996DC-6607-422D-885E-565FADE7F732}.Release|x86.ActiveCfg = Release|Win32
		{37F996DC-6607-422D-885E-565FADE7F732}.Release|x86.Build.0 = Release|Win32
		{72DC524B-527A-45DB-AD5B-BC1A93062FD8}.Debug|x64.ActiveCfg = Debug|x64
		{72DC524B-527A-45DB-AD5B-BC1A93062FD8}.Debug|x64.Build.0 = Debug|x64
		{72DC524B-527A-45DB-AD5B-BC1A93062FD8}.Debug|x86.ActiveCfg = Debug|Win32
		{72DC524B-527A-45DB-AD5B-BC1A93062FD8}.Debug|x86.Build.0 = Debug|Win32
		{72DC524B-527A-45DB-AD5B-BC1A93062FD8}.Release|x64.ActiveCfg = Release|x64
		{72DC524B-527A-45DB-AD5B-BC1A93062FD8}.Release|x64.Build.0 = Release|x64
		{72DC524B-527A-45DB-AD5B-BC1A93062FD8}.Release|x86.ActiveCfg = Release|Win32
		{72DC524B-527A-45DB-AD5B-BC1A93062FD8}.Release|x86.Build.0 = Release|Win32
		{B86ED75E-C8EC-45B8-8A37-F4EBC6A5DC9E}.Debug|x64.ActiveCfg = Debug|x64
		{B86ED75E-C8EC-45B8-8A37-F4EBC6A5DC9E}.Debug|x64.Build.0 = Debug|x64
		{B86ED75E-C8EC-45B8-8A37-F4EBC6A5DC9E}.Debug|x86.ActiveCfg = Debug|Win32
		{B86ED75E-C8EC-45B8-8A37-F4EBC6A5DC9E}.Debug|x86.Build.0 = Debug|Win32
		{B86ED75E-C8EC-45B8-8A37-F4EBC6A5DC9E}.Release|x64.ActiveCfg = Release|x64
		{B86ED75E-C8EC-45B8-8A37-F4EBC6A5DC9E}.Release|x64.Build.0 = Release|x64
		{B86ED75E-C8EC-45B8-8A37-F4EBC6A5DC9E}.Release|x86.ActiveCfg = Release|Win32
		{B86ED75E-C8EC-45B8-8A37-F4EBC6A5DC9E}.Release|x86.Build.0 = Release|Win32
		{C0A41E21-9B95-40B1-9154-2EAE66E5A989}.Debug|x64.ActiveCfg = Debug|x64
		{C0A41E21-9B95-40B1-9154-2EAE66E5A989}.Debug|x64.Build.0 = Debug|x64
		{C0A41E21-9B95-40B1-9154-2EAE66E5A989}.Debug|x86.ActiveCfg = Debug|Win32
		{C0A41E21-9B95-40B1-9154-2EAE66E5A989}.Debug|x86.Build.0 = Debug|Win32
		{C0A41E21-9B95-40B1-9154-2EAE66E5A989}.Release|x64.ActiveCfg = Release|x64
		{C0A41E21-9B95-40B1-9154-2EAE66E5A989}.Release|x64.Build.0 = Release|x64
		{C0A41E21-9B95-40B1-9154-2EAE66E5A989}.Release|x86.ActiveCfg = Release|Win32
		{C0A41E21-9B95-40B1-9154-2EAE66E5A989}.Release|x86.Build.0 = Release|Win32
	EndGlobalSection
	GlobalSection(SolutionProperties) = preSolution
		HideSolutionNode = FALSE
	EndGlobalSection
	GlobalSection(NestedProjects) = preSolution
		{5FB080C2-FFF0-4C28-92D9-F6C7D4725B56} = {8006B15D-C763-4614-9D31-05CDA286024C}
		{24C06F79-5B64-4A2D-9E11-90CE702A9AD9} = {0DCDD65A-EA46-4C6F-9EF5-F3FF08B277D7}
		{7D6AF894-2FA1-40E3-A65C-97C38E155F50} = {46924396-97B4-4387-AAE0-260BCC2FADC5}
		{F7B1CB7D-8AB9-4353-850F-113B1C1670A2} = {46924396-97B4-4387-AAE0-260BCC2FADC5}
		{357D4835-4BF5-409E-A2D0-30FE713F235E} = {46924396-97B4-4387-AAE0-260BCC2FADC5}
		{C26CF677-D096-4204-9755-D85D414E842A} = {9AE6D391-2CCD-4DAE-A605-C9212F6D9F83}
		{60B75B78-12F6-4F01-B6E7-DA00BE6C78DB} = {9AE6D391-2CCD-4DAE-A605-C9212F6D9F83}
		{4CDBF340-5593-48E5-AE6F-70BB525DB78F} = {0BD1D426-9D07-4040-A59B-FBE35AE2266B}
		{60568A4E-C27D-469C-819B-86A77BED96F7} = {0BD1D426-9D07-4040-A59B-FBE35AE2266B}
		{9D5625FB-5A07-4D72-B9B3-1C253EF81072} = {0BD1D426-9D07-4040-A59B-FBE35AE2266B}
		{37AE181C-031E-41DE-B2B8-6529851AEED3} = {0BD1D426-9D07-4040-A59B-FBE35AE2266B}
		{35FE6D75-461C-4141-875F-B52C40EB057C} = {12952628-5A02-4FDD-94C9-D47F66F78396}
		{539ECFCE-A1C3-466A-95B6-194AC8A41E53} = {12952628-5A02-4FDD-94C9-D47F66F78396}
		{F0A6E61D-277C-485B-A67B-65E1F029C451} = {26137E64-165F-42E9-B26D-1A33AE7B0609}
		{91D529DB-570B-4DC8-84B7-24633CAAAED5} = {26137E64-165F-42E9-B26D-1A33AE7B0609}
		{8465851E-4402-4E18-8801-8194092E1411} = {0C425A49-3998-488B-8F16-A6A0AFF25F07}
		{18D644DA-5977-4EF1-B27D-6BCDC0EEE710} = {FED4A3A4-079A-4FD6-9693-844077D61735}
		{11A7C1DD-E2C9-4D3D-904C-F2DD9ABE4EAF} = {FED4A3A4-079A-4FD6-9693-844077D61735}
		{58AF2148-622F-4599-8538-5A94DE68648B} = {FED4A3A4-079A-4FD6-9693-844077D61735}
		{FFD8AC45-508B-40E9-A66C-50316F129D26} = {016F1CC3-B427-4CA9-96BF-9FA619F1CC8B}
		{8925CD11-B8BD-4D25-8DA9-657BFCC054C8} = {016F1CC3-B427-4CA9-96BF-9FA619F1CC8B}
		{37F996DC-6607-422D-885E-565FADE7F732} = {2B6BB526-B014-4FC2-B6ED-2F0671119849}
		{72DC524B-527A-45DB-AD5B-BC1A93062FD8} = {2B6BB526-B014-4FC2-B6ED-2F0671119849}
		{B86ED75E-C8EC-45B8-8A37-F4EBC6A5DC9E} = {2B6BB526-B014-4FC2-B6ED-2F0671119849}
		{C0A41E21-9B95-40B1-9154-2EAE66E5A989} = {2B6BB526-B014-4FC2-B6ED-2F0671119849}
	EndGlobalSection
	GlobalSection(ExtensibilityGlobals) = postSolution
		SolutionGuid = {3EA689DE-FDCE-41EE-A57A-C7B94675900F}
	EndGlobalSection
EndGlobal
